
Microsoft Visual Studio Solution File, Format Version 12.00
# Visual Studio Version 16
VisualStudioVersion = 16.0.29209.62
MinimumVisualStudioVersion = 10.0.40219.1
Project("{FAE04EC0-301F-11D3-BF4B-00C04F79EFBC}") = "Warehouse", "Warehouse\Warehouse.csproj", "{D33CE194-38BF-4CC3-BE36-A582EF49428A}"
EndProject
Project("{FAE04EC0-301F-11D3-BF4B-00C04F79EFBC}") = "WarehouseTests", "WarehouseTests\WarehouseTests.csproj", "{6EE01050-9FA7-490A-A137-A90FAFE9A909}"
EndProject
Global
	GlobalSection(SolutionConfigurationPlatforms) = preSolution
		Debug|Any CPU = Debug|Any CPU
		Release|Any CPU = Release|Any CPU
	EndGlobalSection
	GlobalSection(ProjectConfigurationPlatforms) = postSolution
		{D33CE194-38BF-4CC3-BE36-A582EF49428A}.Debug|Any CPU.ActiveCfg = Debug|Any CPU
		{D33CE194-38BF-4CC3-BE36-A582EF49428A}.Debug|Any CPU.Build.0 = Debug|Any CPU
		{D33CE194-38BF-4CC3-BE36-A582EF49428A}.Release|Any CPU.ActiveCfg = Release|Any CPU
		{D33CE194-38BF-4CC3-BE36-A582EF49428A}.Release|Any CPU.Build.0 = Release|Any CPU
		{6EE01050-9FA7-490A-A137-A90FAFE9A909}.Debug|Any CPU.ActiveCfg = Debug|Any CPU
		{6EE01050-9FA7-490A-A137-A90FAFE9A909}.Debug|Any CPU.Build.0 = Debug|Any CPU
		{6EE01050-9FA7-490A-A137-A90FAFE9A909}.Release|Any CPU.ActiveCfg = Release|Any CPU
		{6EE01050-9FA7-490A-A137-A90FAFE9A909}.Release|Any CPU.Build.0 = Release|Any CPU
	EndGlobalSection
	GlobalSection(SolutionProperties) = preSolution
		HideSolutionNode = FALSE
	EndGlobalSection
	GlobalSection(ExtensibilityGlobals) = postSolution
		SolutionGuid = {7770B491-72F0-4596-B6DA-99D82390B34A}
	EndGlobalSection
EndGlobal
